
Microsoft Visual Studio Solution File, Format Version 12.00
# Visual Studio Version 16
VisualStudioVersion = 16.0.809.3
MinimumVisualStudioVersion = 10.0.40219.1
Project("{FAE04EC0-301F-11D3-BF4B-00C04F79EFBC}") = "PythagoraSwitch.Doder", "src\PythagoraSwitch.Doder\PythagoraSwitch.Doder.csproj", "{070F55B7-92D6-48D8-B1FF-C968B1B2B38D}"
EndProject
Project("{FAE04EC0-301F-11D3-BF4B-00C04F79EFBC}") = "PythagoraSwitch.WebRequest", "src\PythagoraSwitch.WebRequest\PythagoraSwitch.WebRequest.csproj", "{4E15C86D-8AEC-4535-8AF1-829BD63B7728}"
EndProject
Project("{FAE04EC0-301F-11D3-BF4B-00C04F79EFBC}") = "PythagoraSwitch.WebRequest.Test", "tests\PythagoraSwitch.WebRequest.Test\PythagoraSwitch.WebRequest.Test.csproj", "{F1439366-3800-4FEF-B83F-A17C3E0743DA}"
EndProject
Project("{FAE04EC0-301F-11D3-BF4B-00C04F79EFBC}") = "PythagoraSwitch.Recorder.Test", "tests\PythagoraSwitch.Recorder.Test\PythagoraSwitch.Recorder.Test.csproj", "{E61779DA-EE5C-48F6-AD35-88051C5A488F}"
EndProject
Project("{FAE04EC0-301F-11D3-BF4B-00C04F79EFBC}") = "PythagoraSwitch.Recorder", "src\PythagoraSwitch.Recorder\PythagoraSwitch.Recorder.csproj", "{684AB97F-79AC-4CC2-BF74-C64D54613179}"
EndProject
Global
	GlobalSection(SolutionConfigurationPlatforms) = preSolution
		Debug|Any CPU = Debug|Any CPU
		Release|Any CPU = Release|Any CPU
	EndGlobalSection
	GlobalSection(ProjectConfigurationPlatforms) = postSolution
		{070F55B7-92D6-48D8-B1FF-C968B1B2B38D}.Debug|Any CPU.ActiveCfg = Debug|Any CPU
		{070F55B7-92D6-48D8-B1FF-C968B1B2B38D}.Debug|Any CPU.Build.0 = Debug|Any CPU
		{070F55B7-92D6-48D8-B1FF-C968B1B2B38D}.Release|Any CPU.ActiveCfg = Release|Any CPU
		{070F55B7-92D6-48D8-B1FF-C968B1B2B38D}.Release|Any CPU.Build.0 = Release|Any CPU
		{4E15C86D-8AEC-4535-8AF1-829BD63B7728}.Debug|Any CPU.ActiveCfg = Debug|Any CPU
		{4E15C86D-8AEC-4535-8AF1-829BD63B7728}.Debug|Any CPU.Build.0 = Debug|Any CPU
		{4E15C86D-8AEC-4535-8AF1-829BD63B7728}.Release|Any CPU.ActiveCfg = Release|Any CPU
		{4E15C86D-8AEC-4535-8AF1-829BD63B7728}.Release|Any CPU.Build.0 = Release|Any CPU
		{F1439366-3800-4FEF-B83F-A17C3E0743DA}.Debug|Any CPU.ActiveCfg = Debug|Any CPU
		{F1439366-3800-4FEF-B83F-A17C3E0743DA}.Debug|Any CPU.Build.0 = Debug|Any CPU
		{F1439366-3800-4FEF-B83F-A17C3E0743DA}.Release|Any CPU.ActiveCfg = Release|Any CPU
		{F1439366-3800-4FEF-B83F-A17C3E0743DA}.Release|Any CPU.Build.0 = Release|Any CPU
		{E61779DA-EE5C-48F6-AD35-88051C5A488F}.Debug|Any CPU.ActiveCfg = Debug|Any CPU
		{E61779DA-EE5C-48F6-AD35-88051C5A488F}.Debug|Any CPU.Build.0 = Debug|Any CPU
		{E61779DA-EE5C-48F6-AD35-88051C5A488F}.Release|Any CPU.ActiveCfg = Release|Any CPU
		{E61779DA-EE5C-48F6-AD35-88051C5A488F}.Release|Any CPU.Build.0 = Release|Any CPU
		{684AB97F-79AC-4CC2-BF74-C64D54613179}.Debug|Any CPU.ActiveCfg = Debug|Any CPU
		{684AB97F-79AC-4CC2-BF74-C64D54613179}.Debug|Any CPU.Build.0 = Debug|Any CPU
		{684AB97F-79AC-4CC2-BF74-C64D54613179}.Release|Any CPU.ActiveCfg = Release|Any CPU
		{684AB97F-79AC-4CC2-BF74-C64D54613179}.Release|Any CPU.Build.0 = Release|Any CPU
	EndGlobalSection
	GlobalSection(SolutionProperties) = preSolution
		HideSolutionNode = FALSE
	EndGlobalSection
	GlobalSection(ExtensibilityGlobals) = postSolution
		SolutionGuid = {F54EE4C0-A5F6-4DB6-AFA0-8790D8821988}
	EndGlobalSection
EndGlobal
