
Microsoft Visual Studio Solution File, Format Version 12.00
# Visual Studio Version 16
VisualStudioVersion = 16.0.809.3
MinimumVisualStudioVersion = 10.0.40219.1
Project("{FAE04EC0-301F-11D3-BF4B-00C04F79EFBC}") = "PythagoraSwitch", "src\PythagoraSwitch\PythagoraSwitch.csproj", "{4E15C86D-8AEC-4535-8AF1-829BD63B7728}"
EndProject
Project("{FAE04EC0-301F-11D3-BF4B-00C04F79EFBC}") = "PythagoraSwitch.Test", "tests\PythagoraSwitch.Test\PythagoraSwitch.Test.csproj", "{F1439366-3800-4FEF-B83F-A17C3E0743DA}"
EndProject
Global
	GlobalSection(SolutionConfigurationPlatforms) = preSolution
		Debug|Any CPU = Debug|Any CPU
		Release|Any CPU = Release|Any CPU
	EndGlobalSection
	GlobalSection(ProjectConfigurationPlatforms) = postSolution
		{4E15C86D-8AEC-4535-8AF1-829BD63B7728}.Debug|Any CPU.ActiveCfg = Debug|Any CPU
		{4E15C86D-8AEC-4535-8AF1-829BD63B7728}.Debug|Any CPU.Build.0 = Debug|Any CPU
		{4E15C86D-8AEC-4535-8AF1-829BD63B7728}.Release|Any CPU.ActiveCfg = Release|Any CPU
		{4E15C86D-8AEC-4535-8AF1-829BD63B7728}.Release|Any CPU.Build.0 = Release|Any CPU
		{F1439366-3800-4FEF-B83F-A17C3E0743DA}.Debug|Any CPU.ActiveCfg = Debug|Any CPU
		{F1439366-3800-4FEF-B83F-A17C3E0743DA}.Debug|Any CPU.Build.0 = Debug|Any CPU
		{F1439366-3800-4FEF-B83F-A17C3E0743DA}.Release|Any CPU.ActiveCfg = Release|Any CPU
		{F1439366-3800-4FEF-B83F-A17C3E0743DA}.Release|Any CPU.Build.0 = Release|Any CPU
	EndGlobalSection
	GlobalSection(SolutionProperties) = preSolution
		HideSolutionNode = FALSE
	EndGlobalSection
	GlobalSection(ExtensibilityGlobals) = postSolution
		SolutionGuid = {F54EE4C0-A5F6-4DB6-AFA0-8790D8821988}
	EndGlobalSection
EndGlobal
